// !$*UTF8*$!
{
	archiveVersion = 1;
	classes = {
	};
	objectVersion = 55;
	objects = {

/* Begin PBXBuildFile section */
		5146051F28B166BE00D32321 /* AppDelegate.swift in Sources */ = {isa = PBXBuildFile; fileRef = 5146051E28B166BE00D32321 /* AppDelegate.swift */; };
		5146052128B166BE00D32321 /* SceneDelegate.swift in Sources */ = {isa = PBXBuildFile; fileRef = 5146052028B166BE00D32321 /* SceneDelegate.swift */; };
		5146052328B166BE00D32321 /* ViewController.swift in Sources */ = {isa = PBXBuildFile; fileRef = 5146052228B166BE00D32321 /* ViewController.swift */; };
		5146052628B166BE00D32321 /* Main.storyboard in Resources */ = {isa = PBXBuildFile; fileRef = 5146052428B166BE00D32321 /* Main.storyboard */; };
		5146052828B166BF00D32321 /* Assets.xcassets in Resources */ = {isa = PBXBuildFile; fileRef = 5146052728B166BF00D32321 /* Assets.xcassets */; };
		5146052B28B166BF00D32321 /* LaunchScreen.storyboard in Resources */ = {isa = PBXBuildFile; fileRef = 5146052928B166BF00D32321 /* LaunchScreen.storyboard */; };
		5146053628B166BF00D32321 /* Prework2Tests.swift in Sources */ = {isa = PBXBuildFile; fileRef = 5146053528B166BF00D32321 /* Prework2Tests.swift */; };
		5146054028B166BF00D32321 /* Prework2UITests.swift in Sources */ = {isa = PBXBuildFile; fileRef = 5146053F28B166BF00D32321 /* Prework2UITests.swift */; };
		5146054228B166BF00D32321 /* Prework2UITestsLaunchTests.swift in Sources */ = {isa = PBXBuildFile; fileRef = 5146054128B166BF00D32321 /* Prework2UITestsLaunchTests.swift */; };
/* End PBXBuildFile section */

/* Begin PBXContainerItemProxy section */
		5146053228B166BF00D32321 /* PBXContainerItemProxy */ = {
			isa = PBXContainerItemProxy;
			containerPortal = 5146051328B166BE00D32321 /* Project object */;
			proxyType = 1;
			remoteGlobalIDString = 5146051A28B166BE00D32321;
			remoteInfo = Prework2;
		};
		5146053C28B166BF00D32321 /* PBXContainerItemProxy */ = {
			isa = PBXContainerItemProxy;
			containerPortal = 5146051328B166BE00D32321 /* Project object */;
			proxyType = 1;
			remoteGlobalIDString = 5146051A28B166BE00D32321;
			remoteInfo = Prework2;
		};
/* End PBXContainerItemProxy section */

/* Begin PBXFileReference section */
		5146051B28B166BE00D32321 /* Prework2.app */ = {isa = PBXFileReference; explicitFileType = wrapper.application; includeInIndex = 0; path = Prework2.app; sourceTree = BUILT_PRODUCTS_DIR; };
		5146051E28B166BE00D32321 /* AppDelegate.swift */ = {isa = PBXFileReference; lastKnownFileType = sourcecode.swift; path = AppDelegate.swift; sourceTree = "<group>"; };
		5146052028B166BE00D32321 /* SceneDelegate.swift */ = {isa = PBXFileReference; lastKnownFileType = sourcecode.swift; path = SceneDelegate.swift; sourceTree = "<group>"; };
		5146052228B166BE00D32321 /* ViewController.swift */ = {isa = PBXFileReference; lastKnownFileType = sourcecode.swift; path = ViewController.swift; sourceTree = "<group>"; };
		5146052528B166BE00D32321 /* Base */ = {isa = PBXFileReference; lastKnownFileType = file.storyboard; name = Base; path = Base.lproj/Main.storyboard; sourceTree = "<group>"; };
		5146052728B166BF00D32321 /* Assets.xcassets */ = {isa = PBXFileReference; lastKnownFileType = folder.assetcatalog; path = Assets.xcassets; sourceTree = "<group>"; };
		5146052A28B166BF00D32321 /* Base */ = {isa = PBXFileReference; lastKnownFileType = file.storyboard; name = Base; path = Base.lproj/LaunchScreen.storyboard; sourceTree = "<group>"; };
		5146052C28B166BF00D32321 /* Info.plist */ = {isa = PBXFileReference; lastKnownFileType = text.plist.xml; path = Info.plist; sourceTree = "<group>"; };
		5146053128B166BF00D32321 /* Prework2Tests.xctest */ = {isa = PBXFileReference; explicitFileType = wrapper.cfbundle; includeInIndex = 0; path = Prework2Tests.xctest; sourceTree = BUILT_PRODUCTS_DIR; };
		5146053528B166BF00D32321 /* Prework2Tests.swift */ = {isa = PBXFileReference; lastKnownFileType = sourcecode.swift; path = Prework2Tests.swift; sourceTree = "<group>"; };
		5146053B28B166BF00D32321 /* Prework2UITests.xctest */ = {isa = PBXFileReference; explicitFileType = wrapper.cfbundle; includeInIndex = 0; path = Prework2UITests.xctest; sourceTree = BUILT_PRODUCTS_DIR; };
		5146053F28B166BF00D32321 /* Prework2UITests.swift */ = {isa = PBXFileReference; lastKnownFileType = sourcecode.swift; path = Prework2UITests.swift; sourceTree = "<group>"; };
		5146054128B166BF00D32321 /* Prework2UITestsLaunchTests.swift */ = {isa = PBXFileReference; lastKnownFileType = sourcecode.swift; path = Prework2UITestsLaunchTests.swift; sourceTree = "<group>"; };
/* End PBXFileReference section */

/* Begin PBXFrameworksBuildPhase section */
		5146051828B166BE00D32321 /* Frameworks */ = {
			isa = PBXFrameworksBuildPhase;
			buildActionMask = 2147483647;
			files = (
			);
			runOnlyForDeploymentPostprocessing = 0;
		};
		5146052E28B166BF00D32321 /* Frameworks */ = {
			isa = PBXFrameworksBuildPhase;
			buildActionMask = 2147483647;
			files = (
			);
			runOnlyForDeploymentPostprocessing = 0;
		};
		5146053828B166BF00D32321 /* Frameworks */ = {
			isa = PBXFrameworksBuildPhase;
			buildActionMask = 2147483647;
			files = (
			);
			runOnlyForDeploymentPostprocessing = 0;
		};
/* End PBXFrameworksBuildPhase section */

/* Begin PBXGroup section */
		5146051228B166BE00D32321 = {
			isa = PBXGroup;
			children = (
				5146051D28B166BE00D32321 /* Prework2 */,
				5146053428B166BF00D32321 /* Prework2Tests */,
				5146053E28B166BF00D32321 /* Prework2UITests */,
				5146051C28B166BE00D32321 /* Products */,
			);
			sourceTree = "<group>";
		};
		5146051C28B166BE00D32321 /* Products */ = {
			isa = PBXGroup;
			children = (
				5146051B28B166BE00D32321 /* Prework2.app */,
				5146053128B166BF00D32321 /* Prework2Tests.xctest */,
				5146053B28B166BF00D32321 /* Prework2UITests.xctest */,
			);
			name = Products;
			sourceTree = "<group>";
		};
		5146051D28B166BE00D32321 /* Prework2 */ = {
			isa = PBXGroup;
			children = (
				5146051E28B166BE00D32321 /* AppDelegate.swift */,
				5146052028B166BE00D32321 /* SceneDelegate.swift */,
				5146052228B166BE00D32321 /* ViewController.swift */,
				5146052428B166BE00D32321 /* Main.storyboard */,
				5146052728B166BF00D32321 /* Assets.xcassets */,
				5146052928B166BF00D32321 /* LaunchScreen.storyboard */,
				5146052C28B166BF00D32321 /* Info.plist */,
			);
			path = Prework2;
			sourceTree = "<group>";
		};
		5146053428B166BF00D32321 /* Prework2Tests */ = {
			isa = PBXGroup;
			children = (
				5146053528B166BF00D32321 /* Prework2Tests.swift */,
			);
			path = Prework2Tests;
			sourceTree = "<group>";
		};
		5146053E28B166BF00D32321 /* Prework2UITests */ = {
			isa = PBXGroup;
			children = (
				5146053F28B166BF00D32321 /* Prework2UITests.swift */,
				5146054128B166BF00D32321 /* Prework2UITestsLaunchTests.swift */,
			);
			path = Prework2UITests;
			sourceTree = "<group>";
		};
/* End PBXGroup section */

/* Begin PBXNativeTarget section */
		5146051A28B166BE00D32321 /* Prework2 */ = {
			isa = PBXNativeTarget;
			buildConfigurationList = 5146054528B166BF00D32321 /* Build configuration list for PBXNativeTarget "Prework2" */;
			buildPhases = (
				5146051728B166BE00D32321 /* Sources */,
				5146051828B166BE00D32321 /* Frameworks */,
				5146051928B166BE00D32321 /* Resources */,
			);
			buildRules = (
			);
			dependencies = (
			);
			name = Prework2;
			productName = Prework2;
			productReference = 5146051B28B166BE00D32321 /* Prework2.app */;
			productType = "com.apple.product-type.application";
		};
		5146053028B166BF00D32321 /* Prework2Tests */ = {
			isa = PBXNativeTarget;
			buildConfigurationList = 5146054828B166BF00D32321 /* Build configuration list for PBXNativeTarget "Prework2Tests" */;
			buildPhases = (
				5146052D28B166BF00D32321 /* Sources */,
				5146052E28B166BF00D32321 /* Frameworks */,
				5146052F28B166BF00D32321 /* Resources */,
			);
			buildRules = (
			);
			dependencies = (
				5146053328B166BF00D32321 /* PBXTargetDependency */,
			);
			name = Prework2Tests;
			productName = Prework2Tests;
			productReference = 5146053128B166BF00D32321 /* Prework2Tests.xctest */;
			productType = "com.apple.product-type.bundle.unit-test";
		};
		5146053A28B166BF00D32321 /* Prework2UITests */ = {
			isa = PBXNativeTarget;
			buildConfigurationList = 5146054B28B166BF00D32321 /* Build configuration list for PBXNativeTarget "Prework2UITests" */;
			buildPhases = (
				5146053728B166BF00D32321 /* Sources */,
				5146053828B166BF00D32321 /* Frameworks */,
				5146053928B166BF00D32321 /* Resources */,
			);
			buildRules = (
			);
			dependencies = (
				5146053D28B166BF00D32321 /* PBXTargetDependency */,
			);
			name = Prework2UITests;
			productName = Prework2UITests;
			productReference = 5146053B28B166BF00D32321 /* Prework2UITests.xctest */;
			productType = "com.apple.product-type.bundle.ui-testing";
		};
/* End PBXNativeTarget section */

/* Begin PBXProject section */
		5146051328B166BE00D32321 /* Project object */ = {
			isa = PBXProject;
			attributes = {
				BuildIndependentTargetsInParallel = 1;
				LastSwiftUpdateCheck = 1340;
				LastUpgradeCheck = 1340;
				TargetAttributes = {
					5146051A28B166BE00D32321 = {
						CreatedOnToolsVersion = 13.4.1;
					};
					5146053028B166BF00D32321 = {
						CreatedOnToolsVersion = 13.4.1;
						TestTargetID = 5146051A28B166BE00D32321;
					};
					5146053A28B166BF00D32321 = {
						CreatedOnToolsVersion = 13.4.1;
						TestTargetID = 5146051A28B166BE00D32321;
					};
				};
			};
			buildConfigurationList = 5146051628B166BE00D32321 /* Build configuration list for PBXProject "Prework2" */;
			compatibilityVersion = "Xcode 13.0";
			developmentRegion = en;
			hasScannedForEncodings = 0;
			knownRegions = (
				en,
				Base,
			);
			mainGroup = 5146051228B166BE00D32321;
			productRefGroup = 5146051C28B166BE00D32321 /* Products */;
			projectDirPath = "";
			projectRoot = "";
			targets = (
				5146051A28B166BE00D32321 /* Prework2 */,
				5146053028B166BF00D32321 /* Prework2Tests */,
				5146053A28B166BF00D32321 /* Prework2UITests */,
			);
		};
/* End PBXProject section */

/* Begin PBXResourcesBuildPhase section */
		5146051928B166BE00D32321 /* Resources */ = {
			isa = PBXResourcesBuildPhase;
			buildActionMask = 2147483647;
			files = (
				5146052B28B166BF00D32321 /* LaunchScreen.storyboard in Resources */,
				5146052828B166BF00D32321 /* Assets.xcassets in Resources */,
				5146052628B166BE00D32321 /* Main.storyboard in Resources */,
			);
			runOnlyForDeploymentPostprocessing = 0;
		};
		5146052F28B166BF00D32321 /* Resources */ = {
			isa = PBXResourcesBuildPhase;
			buildActionMask = 2147483647;
			files = (
			);
			runOnlyForDeploymentPostprocessing = 0;
		};
		5146053928B166BF00D32321 /* Resources */ = {
			isa = PBXResourcesBuildPhase;
			buildActionMask = 2147483647;
			files = (
			);
			runOnlyForDeploymentPostprocessing = 0;
		};
/* End PBXResourcesBuildPhase section */

/* Begin PBXSourcesBuildPhase section */
		5146051728B166BE00D32321 /* Sources */ = {
			isa = PBXSourcesBuildPhase;
			buildActionMask = 2147483647;
			files = (
				5146052328B166BE00D32321 /* ViewController.swift in Sources */,
				5146051F28B166BE00D32321 /* AppDelegate.swift in Sources */,
				5146052128B166BE00D32321 /* SceneDelegate.swift in Sources */,
			);
			runOnlyForDeploymentPostprocessing = 0;
		};
		5146052D28B166BF00D32321 /* Sources */ = {
			isa = PBXSourcesBuildPhase;
			buildActionMask = 2147483647;
			files = (
				5146053628B166BF00D32321 /* Prework2Tests.swift in Sources */,
			);
			runOnlyForDeploymentPostprocessing = 0;
		};
		5146053728B166BF00D32321 /* Sources */ = {
			isa = PBXSourcesBuildPhase;
			buildActionMask = 2147483647;
			files = (
				5146054228B166BF00D32321 /* Prework2UITestsLaunchTests.swift in Sources */,
				5146054028B166BF00D32321 /* Prework2UITests.swift in Sources */,
			);
			runOnlyForDeploymentPostprocessing = 0;
		};
/* End PBXSourcesBuildPhase section */

/* Begin PBXTargetDependency section */
		5146053328B166BF00D32321 /* PBXTargetDependency */ = {
			isa = PBXTargetDependency;
			target = 5146051A28B166BE00D32321 /* Prework2 */;
			targetProxy = 5146053228B166BF00D32321 /* PBXContainerItemProxy */;
		};
		5146053D28B166BF00D32321 /* PBXTargetDependency */ = {
			isa = PBXTargetDependency;
			target = 5146051A28B166BE00D32321 /* Prework2 */;
			targetProxy = 5146053C28B166BF00D32321 /* PBXContainerItemProxy */;
		};
/* End PBXTargetDependency section */

/* Begin PBXVariantGroup section */
		5146052428B166BE00D32321 /* Main.storyboard */ = {
			isa = PBXVariantGroup;
			children = (
				5146052528B166BE00D32321 /* Base */,
			);
			name = Main.storyboard;
			sourceTree = "<group>";
		};
		5146052928B166BF00D32321 /* LaunchScreen.storyboard */ = {
			isa = PBXVariantGroup;
			children = (
				5146052A28B166BF00D32321 /* Base */,
			);
			name = LaunchScreen.storyboard;
			sourceTree = "<group>";
		};
/* End PBXVariantGroup section */

/* Begin XCBuildConfiguration section */
		5146054328B166BF00D32321 /* Debug */ = {
			isa = XCBuildConfiguration;
			buildSettings = {
				ALWAYS_SEARCH_USER_PATHS = NO;
				CLANG_ANALYZER_NONNULL = YES;
				CLANG_ANALYZER_NUMBER_OBJECT_CONVERSION = YES_AGGRESSIVE;
				CLANG_CXX_LANGUAGE_STANDARD = "gnu++17";
				CLANG_ENABLE_MODULES = YES;
				CLANG_ENABLE_OBJC_ARC = YES;
				CLANG_ENABLE_OBJC_WEAK = YES;
				CLANG_WARN_BLOCK_CAPTURE_AUTORELEASING = YES;
				CLANG_WARN_BOOL_CONVERSION = YES;
				CLANG_WARN_COMMA = YES;
				CLANG_WARN_CONSTANT_CONVERSION = YES;
				CLANG_WARN_DEPRECATED_OBJC_IMPLEMENTATIONS = YES;
				CLANG_WARN_DIRECT_OBJC_ISA_USAGE = YES_ERROR;
				CLANG_WARN_DOCUMENTATION_COMMENTS = YES;
				CLANG_WARN_EMPTY_BODY = YES;
				CLANG_WARN_ENUM_CONVERSION = YES;
				CLANG_WARN_INFINITE_RECURSION = YES;
				CLANG_WARN_INT_CONVERSION = YES;
				CLANG_WARN_NON_LITERAL_NULL_CONVERSION = YES;
				CLANG_WARN_OBJC_IMPLICIT_RETAIN_SELF = YES;
				CLANG_WARN_OBJC_LITERAL_CONVERSION = YES;
				CLANG_WARN_OBJC_ROOT_CLASS = YES_ERROR;
				CLANG_WARN_QUOTED_INCLUDE_IN_FRAMEWORK_HEADER = YES;
				CLANG_WARN_RANGE_LOOP_ANALYSIS = YES;
				CLANG_WARN_STRICT_PROTOTYPES = YES;
				CLANG_WARN_SUSPICIOUS_MOVE = YES;
				CLANG_WARN_UNGUARDED_AVAILABILITY = YES_AGGRESSIVE;
				CLANG_WARN_UNREACHABLE_CODE = YES;
				CLANG_WARN__DUPLICATE_METHOD_MATCH = YES;
				COPY_PHASE_STRIP = NO;
				DEBUG_INFORMATION_FORMAT = dwarf;
				ENABLE_STRICT_OBJC_MSGSEND = YES;
				ENABLE_TESTABILITY = YES;
				GCC_C_LANGUAGE_STANDARD = gnu11;
				GCC_DYNAMIC_NO_PIC = NO;
				GCC_NO_COMMON_BLOCKS = YES;
				GCC_OPTIMIZATION_LEVEL = 0;
				GCC_PREPROCESSOR_DEFINITIONS = (
					"DEBUG=1",
					"$(inherited)",
				);
				GCC_WARN_64_TO_32_BIT_CONVERSION = YES;
				GCC_WARN_ABOUT_RETURN_TYPE = YES_ERROR;
				GCC_WARN_UNDECLARED_SELECTOR = YES;
				GCC_WARN_UNINITIALIZED_AUTOS = YES_AGGRESSIVE;
				GCC_WARN_UNUSED_FUNCTION = YES;
				GCC_WARN_UNUSED_VARIABLE = YES;
				IPHONEOS_DEPLOYMENT_TARGET = 15.5;
				MTL_ENABLE_DEBUG_INFO = INCLUDE_SOURCE;
				MTL_FAST_MATH = YES;
				ONLY_ACTIVE_ARCH = YES;
				SDKROOT = iphoneos;
				SWIFT_ACTIVE_COMPILATION_CONDITIONS = DEBUG;
				SWIFT_OPTIMIZATION_LEVEL = "-Onone";
			};
			name = Debug;
		};
		5146054428B166BF00D32321 /* Release */ = {
			isa = XCBuildConfiguration;
			buildSettings = {
				ALWAYS_SEARCH_USER_PATHS = NO;
				CLANG_ANALYZER_NONNULL = YES;
				CLANG_ANALYZER_NUMBER_OBJECT_CONVERSION = YES_AGGRESSIVE;
				CLANG_CXX_LANGUAGE_STANDARD = "gnu++17";
				CLANG_ENABLE_MODULES = YES;
				CLANG_ENABLE_OBJC_ARC = YES;
				CLANG_ENABLE_OBJC_WEAK = YES;
				CLANG_WARN_BLOCK_CAPTURE_AUTORELEASING = YES;
				CLANG_WARN_BOOL_CONVERSION = YES;
				CLANG_WARN_COMMA = YES;
				CLANG_WARN_CONSTANT_CONVERSION = YES;
				CLANG_WARN_DEPRECATED_OBJC_IMPLEMENTATIONS = YES;
				CLANG_WARN_DIRECT_OBJC_ISA_USAGE = YES_ERROR;
				CLANG_WARN_DOCUMENTATION_COMMENTS = YES;
				CLANG_WARN_EMPTY_BODY = YES;
				CLANG_WARN_ENUM_CONVERSION = YES;
				CLANG_WARN_INFINITE_RECURSION = YES;
				CLANG_WARN_INT_CONVERSION = YES;
				CLANG_WARN_NON_LITERAL_NULL_CONVERSION = YES;
				CLANG_WARN_OBJC_IMPLICIT_RETAIN_SELF = YES;
				CLANG_WARN_OBJC_LITERAL_CONVERSION = YES;
				CLANG_WARN_OBJC_ROOT_CLASS = YES_ERROR;
				CLANG_WARN_QUOTED_INCLUDE_IN_FRAMEWORK_HEADER = YES;
				CLANG_WARN_RANGE_LOOP_ANALYSIS = YES;
				CLANG_WARN_STRICT_PROTOTYPES = YES;
				CLANG_WARN_SUSPICIOUS_MOVE = YES;
				CLANG_WARN_UNGUARDED_AVAILABILITY = YES_AGGRESSIVE;
				CLANG_WARN_UNREACHABLE_CODE = YES;
				CLANG_WARN__DUPLICATE_METHOD_MATCH = YES;
				COPY_PHASE_STRIP = NO;
				DEBUG_INFORMATION_FORMAT = "dwarf-with-dsym";
				ENABLE_NS_ASSERTIONS = NO;
				ENABLE_STRICT_OBJC_MSGSEND = YES;
				GCC_C_LANGUAGE_STANDARD = gnu11;
				GCC_NO_COMMON_BLOCKS = YES;
				GCC_WARN_64_TO_32_BIT_CONVERSION = YES;
				GCC_WARN_ABOUT_RETURN_TYPE = YES_ERROR;
				GCC_WARN_UNDECLARED_SELECTOR = YES;
				GCC_WARN_UNINITIALIZED_AUTOS = YES_AGGRESSIVE;
				GCC_WARN_UNUSED_FUNCTION = YES;
				GCC_WARN_UNUSED_VARIABLE = YES;
				IPHONEOS_DEPLOYMENT_TARGET = 15.5;
				MTL_ENABLE_DEBUG_INFO = NO;
				MTL_FAST_MATH = YES;
				SDKROOT = iphoneos;
				SWIFT_COMPILATION_MODE = wholemodule;
				SWIFT_OPTIMIZATION_LEVEL = "-O";
				VALIDATE_PRODUCT = YES;
			};
			name = Release;
		};
		5146054628B166BF00D32321 /* Debug */ = {
			isa = XCBuildConfiguration;
			buildSettings = {
				ASSETCATALOG_COMPILER_APPICON_NAME = AppIcon;
				ASSETCATALOG_COMPILER_GLOBAL_ACCENT_COLOR_NAME = AccentColor;
				CODE_SIGN_IDENTITY = "Apple Development";
				CODE_SIGN_STYLE = Manual;
				CURRENT_PROJECT_VERSION = 1;
				DEVELOPMENT_TEAM = "";
				GENERATE_INFOPLIST_FILE = YES;
				INFOPLIST_FILE = Prework2/Info.plist;
				INFOPLIST_KEY_UIApplicationSupportsIndirectInputEvents = YES;
				INFOPLIST_KEY_UILaunchStoryboardName = LaunchScreen;
				INFOPLIST_KEY_UIMainStoryboardFile = Main;
				INFOPLIST_KEY_UISupportedInterfaceOrientations_iPad = "UIInterfaceOrientationPortrait UIInterfaceOrientationPortraitUpsideDown UIInterfaceOrientationLandscapeLeft UIInterfaceOrientationLandscapeRight";
				INFOPLIST_KEY_UISupportedInterfaceOrientations_iPhone = "UIInterfaceOrientationPortrait UIInterfaceOrientationLandscapeLeft UIInterfaceOrientationLandscapeRight";
				LD_RUNPATH_SEARCH_PATHS = (
					"$(inherited)",
					"@executable_path/Frameworks",
				);
				MARKETING_VERSION = 1.0;
				PRODUCT_BUNDLE_IDENTIFIER = memo.com.Prework2;
				PRODUCT_NAME = "$(TARGET_NAME)";
				PROVISIONING_PROFILE_SPECIFIER = "";
				SWIFT_EMIT_LOC_STRINGS = YES;
				SWIFT_VERSION = 5.0;
				TARGETED_DEVICE_FAMILY = "1,2";
			};
			name = Debug;
		};
		5146054728B166BF00D32321 /* Release */ = {
			isa = XCBuildConfiguration;
			buildSettings = {
				ASSETCATALOG_COMPILER_APPICON_NAME = AppIcon;
				ASSETCATALOG_COMPILER_GLOBAL_ACCENT_COLOR_NAME = AccentColor;
				CODE_SIGN_IDENTITY = "Apple Development";
				CODE_SIGN_STYLE = Manual;
				CURRENT_PROJECT_VERSION = 1;
				DEVELOPMENT_TEAM = "";
				GENERATE_INFOPLIST_FILE = YES;
				INFOPLIST_FILE = Prework2/Info.plist;
				INFOPLIST_KEY_UIApplicationSupportsIndirectInputEvents = YES;
				INFOPLIST_KEY_UILaunchStoryboardName = LaunchScreen;
				INFOPLIST_KEY_UIMainStoryboardFile = Main;
				INFOPLIST_KEY_UISupportedInterfaceOrientations_iPad = "UIInterfaceOrientationPortrait UIInterfaceOrientationPortraitUpsideDown UIInterfaceOrientationLandscapeLeft UIInterfaceOrientationLandscapeRight";
				INFOPLIST_KEY_UISupportedInterfaceOrientations_iPhone = "UIInterfaceOrientationPortrait UIInterfaceOrientationLandscapeLeft UIInterfaceOrientationLandscapeRight";
				LD_RUNPATH_SEARCH_PATHS = (
					"$(inherited)",
					"@executable_path/Frameworks",
				);
				MARKETING_VERSION = 1.0;
				PRODUCT_BUNDLE_IDENTIFIER = memo.com.Prework2;
				PRODUCT_NAME = "$(TARGET_NAME)";
				PROVISIONING_PROFILE_SPECIFIER = "";
				SWIFT_EMIT_LOC_STRINGS = YES;
				SWIFT_VERSION = 5.0;
				TARGETED_DEVICE_FAMILY = "1,2";
			};
			name = Release;
		};
		5146054928B166BF00D32321 /* Debug */ = {
			isa = XCBuildConfiguration;
			buildSettings = {
				ALWAYS_EMBED_SWIFT_STANDARD_LIBRARIES = YES;
				BUNDLE_LOADER = "$(TEST_HOST)";
				CODE_SIGN_STYLE = Automatic;
				CURRENT_PROJECT_VERSION = 1;
				GENERATE_INFOPLIST_FILE = YES;
				IPHONEOS_DEPLOYMENT_TARGET = 15.5;
				MARKETING_VERSION = 1.0;
				PRODUCT_BUNDLE_IDENTIFIER = memo.com.Prework2Tests;
				PRODUCT_NAME = "$(TARGET_NAME)";
				SWIFT_EMIT_LOC_STRINGS = NO;
				SWIFT_VERSION = 5.0;
				TARGETED_DEVICE_FAMILY = "1,2";
				TEST_HOST = "$(BUILT_PRODUCTS_DIR)/Prework2.app/Prework2";
			};
			name = Debug;
		};
		5146054A28B166BF00D32321 /* Release */ = {
			isa = XCBuildConfiguration;
			buildSettings = {
				ALWAYS_EMBED_SWIFT_STANDARD_LIBRARIES = YES;
				BUNDLE_LOADER = "$(TEST_HOST)";
				CODE_SIGN_STYLE = Automatic;
				CURRENT_PROJECT_VERSION = 1;
				GENERATE_INFOPLIST_FILE = YES;
				IPHONEOS_DEPLOYMENT_TARGET = 15.5;
				MARKETING_VERSION = 1.0;
				PRODUCT_BUNDLE_IDENTIFIER = memo.com.Prework2Tests;
				PRODUCT_NAME = "$(TARGET_NAME)";
				SWIFT_EMIT_LOC_STRINGS = NO;
				SWIFT_VERSION = 5.0;
				TARGETED_DEVICE_FAMILY = "1,2";
				TEST_HOST = "$(BUILT_PRODUCTS_DIR)/Prework2.app/Prework2";
			};
			name = Release;
		};
		5146054C28B166BF00D32321 /* Debug */ = {
			isa = XCBuildConfiguration;
			buildSettings = {
				ALWAYS_EMBED_SWIFT_STANDARD_LIBRARIES = YES;
				CODE_SIGN_STYLE = Automatic;
				CURRENT_PROJECT_VERSION = 1;
				GENERATE_INFOPLIST_FILE = YES;
				MARKETING_VERSION = 1.0;
				PRODUCT_BUNDLE_IDENTIFIER = memo.com.Prework2UITests;
				PRODUCT_NAME = "$(TARGET_NAME)";
				SWIFT_EMIT_LOC_STRINGS = NO;
				SWIFT_VERSION = 5.0;
				TARGETED_DEVICE_FAMILY = "1,2";
				TEST_TARGET_NAME = Prework2;
			};
			name = Debug;
		};
		5146054D28B166BF00D32321 /* Release */ = {
			isa = XCBuildConfiguration;
			buildSettings = {
				ALWAYS_EMBED_SWIFT_STANDARD_LIBRARIES = YES;
				CODE_SIGN_STYLE = Automatic;
				CURRENT_PROJECT_VERSION = 1;
				GENERATE_INFOPLIST_FILE = YES;
				MARKETING_VERSION = 1.0;
				PRODUCT_BUNDLE_IDENTIFIER = memo.com.Prework2UITests;
				PRODUCT_NAME = "$(TARGET_NAME)";
				SWIFT_EMIT_LOC_STRINGS = NO;
				SWIFT_VERSION = 5.0;
				TARGETED_DEVICE_FAMILY = "1,2";
				TEST_TARGET_NAME = Prework2;
			};
			name = Release;
		};
/* End XCBuildConfiguration section */

/* Begin XCConfigurationList section */
		5146051628B166BE00D32321 /* Build configuration list for PBXProject "Prework2" */ = {
			isa = XCConfigurationList;
			buildConfigurations = (
				5146054328B166BF00D32321 /* Debug */,
				5146054428B166BF00D32321 /* Release */,
			);
			defaultConfigurationIsVisible = 0;
			defaultConfigurationName = Release;
		};
		5146054528B166BF00D32321 /* Build configuration list for PBXNativeTarget "Prework2" */ = {
			isa = XCConfigurationList;
			buildConfigurations = (
				5146054628B166BF00D32321 /* Debug */,
				5146054728B166BF00D32321 /* Release */,
			);
			defaultConfigurationIsVisible = 0;
			defaultConfigurationName = Release;
		};
		5146054828B166BF00D32321 /* Build configuration list for PBXNativeTarget "Prework2Tests" */ = {
			isa = XCConfigurationList;
			buildConfigurations = (
				5146054928B166BF00D32321 /* Debug */,
				5146054A28B166BF00D32321 /* Release */,
			);
			defaultConfigurationIsVisible = 0;
			defaultConfigurationName = Release;
		};
		5146054B28B166BF00D32321 /* Build configuration list for PBXNativeTarget "Prework2UITests" */ = {
			isa = XCConfigurationList;
			buildConfigurations = (
				5146054C28B166BF00D32321 /* Debug */,
				5146054D28B166BF00D32321 /* Release */,
			);
			defaultConfigurationIsVisible = 0;
			defaultConfigurationName = Release;
		};
/* End XCConfigurationList section */
	};
	rootObject = 5146051328B166BE00D32321 /* Project object */;
}
